kernel.org/pub/linux/libs/security/libcap/cap v1.2.49 h1:l/z5YU1YTeIo872V3L577f49PgLvSGTstopFJMASdAc=
kernel.org/pub/linux/libs/security/libcap/cap v1.2.49/go.mod h1:SDveHFdFe7G0H/t18WEsVxAsBGUGvSF5tuOY6yN0+xo=
kernel.org/pub/linux/libs/security/libcap/psx v1.2.49 h1:hlS5NSqyydHYranE120TzuEEaTAPLVyi1dm0tYSYMbg=
kernel.org/pub/linux/libs/security/libcap/psx v1.2.49/go.mod h1:+l6Ee2F59XiJ2I6WR5ObpC1utCQJZ/VLsEbQCD8RG24=
